
Microsoft Visual Studio Solution File, Format Version 12.00
# Visual Studio Version 16
VisualStudioVersion = 16.0.30011.22
MinimumVisualStudioVersion = 10.0.40219.1
Project("{FAE04EC0-301F-11D3-BF4B-00C04F79EFBC}") = "SoundAnalyser2", "SoundAnalyser2\SoundAnalyser2.csproj", "{F5EBA3ED-EC92-425F-A9CB-822CA4B68307}"
EndProject
Global
	GlobalSection(SolutionConfigurationPlatforms) = preSolution
		Debug|Any CPU = Debug|Any CPU
		Release|Any CPU = Release|Any CPU
	EndGlobalSection
	GlobalSection(ProjectConfigurationPlatforms) = postSolution
		{F5EBA3ED-EC92-425F-A9CB-822CA4B68307}.Debug|Any CPU.ActiveCfg = Debug|Any CPU
		{F5EBA3ED-EC92-425F-A9CB-822CA4B68307}.Debug|Any CPU.Build.0 = Debug|Any CPU
		{F5EBA3ED-EC92-425F-A9CB-822CA4B68307}.Release|Any CPU.ActiveCfg = Release|Any CPU
		{F5EBA3ED-EC92-425F-A9CB-822CA4B68307}.Release|Any CPU.Build.0 = Release|Any CPU
	EndGlobalSection
	GlobalSection(SolutionProperties) = preSolution
		HideSolutionNode = FALSE
	EndGlobalSection
	GlobalSection(ExtensibilityGlobals) = postSolution
		SolutionGuid = {5A9C93EF-A3EC-483B-A0DD-7FB90310CCB0}
	EndGlobalSection
EndGlobal
