{
  "version": 1,
  "dependencies": {
    ".NETCoreApp,Version=v3.1": {
      "MathNet.Numerics": {
        "type": "Direct",
        "requested": "[4.11.0, )",
        "resolved": "4.11.0",
        "contentHash": "nmr86AZMGgLprxygcew8Q2BOlPbSYGIkponJMRBoO+CVohkE/CqYJ2KKMThVJUJ0obJxoYI7agCRe61XDVgZuw=="
      },
      "Microsoft.CodeAnalysis.FxCopAnalyzers": {
        "type": "Direct",
        "requested": "[3.0.0, )",
        "resolved": "3.0.0",
        "contentHash": "ea8bbNa4fzS/s55AUCAvYjb6Y3lFysFVfEwt9zIwR/NeFpOcUluIleOXSUPAyUtwBFugn01aWvNfMVmIwnvgqQ==",
        "dependencies": {
          "Microsoft.CodeAnalysis.VersionCheckAnalyzer": "[3.0.0]",
          "Microsoft.CodeQuality.Analyzers": "[3.0.0]",
          "Microsoft.NetCore.Analyzers": "[3.0.0]",
          "Microsoft.NetFramework.Analyzers": "[3.0.0]"
        }
      },
      "NAudio": {
        "type": "Direct",
        "requested": "[1.10.0, )",
        "resolved": "1.10.0",
        "contentHash": "y6VvwSPfJhElUllkzE2FHXHAADYFGLwMPt048KlPyuUXcq4E0VEi+4hWrFd+lBsrb+Q5DvPA9w86oRTvKRO9UQ==",
        "dependencies": {
          "Microsoft.Win32.Registry": "4.7.0",
          "System.Resources.Extensions": "4.7.0"
        }
      },
      "ScottPlot": {
        "type": "Direct",
        "requested": "[4.0.34, )",
        "resolved": "4.0.34",
        "contentHash": "2J9mk31Cuzbm9sUaiqjEpvIn93NjZ3VpXsj0KZQTWdBd2zF0y4mJiNIF1td6cHOt5SxuySBhztjpbOhcxA6CHw==",
        "dependencies": {
          "System.Drawing.Common": "4.7.0",
          "runtime.osx.10.10-x64.CoreCompat.System.Drawing": "5.8.64"
        }
      },
      "ScottPlot.WPF": {
        "type": "Direct",
        "requested": "[4.0.34, )",
        "resolved": "4.0.34",
        "contentHash": "+C2EjgVDIVs7kTFewSbXx0GMq+T9MM88RQv09zZd4ZIdNGKB0O7W9v05XBaNkENFnYn8tMP4sB0XpD3sw3oLAg==",
        "dependencies": {
          "ScottPlot": "4.0.34"
        }
      },
      "Microsoft.CodeAnalysis.VersionCheckAnalyzer": {
        "type": "Transitive",
        "resolved": "3.0.0",
        "contentHash": "RL9OdvWLhtQXcvxK2EPbXM9LandLcDG14Ndz5baVH2aiyvEB11VrHfrzLNoEE5B2/zhRGqN+BHsBg21f75wG9g=="
      },
      "Microsoft.CodeQuality.Analyzers": {
        "type": "Transitive",
        "resolved": "3.0.0",
        "contentHash": "pOROTgdPa+15sYfEMvDlWlDEedCO1SuRLrRjX36Ltli3SmhZawC2Vgws4crz1XMs9WRzBo8WIJM5WRzGNsOSmQ=="
      },
      "Microsoft.NetCore.Analyzers": {
        "type": "Transitive",
        "resolved": "3.0.0",
        "contentHash": "JdjhkobYjmQAu4JpsEALDAr7xig2pzXMsXGilHJ2gvmUaUSBjYObw53CBaIkRXmPu0DaDPN8ze9LCtsRd1R8UA=="
      },
      "Microsoft.NETCore.Platforms": {
        "type": "Transitive",
        "resolved": "3.1.0",
        "contentHash": "z7aeg8oHln2CuNulfhiLYxCVMPEwBl3rzicjvIX+4sUuCwvXw5oXQEtbiU2c0z4qYL5L3Kmx0mMA/+t/SbY67w=="
      },
      "Microsoft.NetFramework.Analyzers": {
        "type": "Transitive",
        "resolved": "3.0.0",
        "contentHash": "Q0sB3JYld9JMa9/HKtioIxhqmOohEku1FkfSC/uf0usGcCIhm6GYWU565klP64jC2kzmjFIu/6fkHEIYRqZCQQ=="
      },
      "Microsoft.Win32.Registry": {
        "type": "Transitive",
        "resolved": "4.7.0",
        "contentHash": "KSrRMb5vNi0CWSGG1++id2ZOs/1QhRqROt+qgbEAdQuGjGrFcl4AOl4/exGPUYz2wUnU42nvJqon1T3U0kPXLA==",
        "dependencies": {
          "System.Security.AccessControl": "4.7.0",
          "System.Security.Principal.Windows": "4.7.0"
        }
      },
      "Microsoft.Win32.SystemEvents": {
        "type": "Transitive",
        "resolved": "4.7.0",
        "contentHash": "mtVirZr++rq+XCDITMUdnETD59XoeMxSpLRIII7JRI6Yj0LEDiO1pPn0ktlnIj12Ix8bfvQqQDMMIF9wC98oCA==",
        "dependencies": {
          "Microsoft.NETCore.Platforms": "3.1.0"
        }
      },
      "runtime.osx.10.10-x64.CoreCompat.System.Drawing": {
        "type": "Transitive",
        "resolved": "5.8.64",
        "contentHash": "Ey7xQgWwixxdrmhzEUvaR4kxZDSQMWQScp8ViLvmL5xCBKG6U3TaMv/jzHilpfQXpHmJ4IylKGzzMvnYX2FwHQ=="
      },
      "System.Drawing.Common": {
        "type": "Transitive",
        "resolved": "4.7.0",
        "contentHash": "v+XbyYHaZjDfn0ENmJEV1VYLgGgCTx1gnfOBcppowbpOAriglYgGCvFCPr2EEZyBvXlpxbEsTwkOlInl107ahA==",
        "dependencies": {
          "Microsoft.NETCore.Platforms": "3.1.0",
          "Microsoft.Win32.SystemEvents": "4.7.0"
        }
      },
      "System.Resources.Extensions": {
        "type": "Transitive",
        "resolved": "4.7.0",
        "contentHash": "Efd5jls31pR1MkEl/IlT/lOzG0nGRCoYnHctZTq597+absekOXaP53yUlv5U4DfcfImSAAupWVpTW1tE54lF7A=="
      },
      "System.Security.AccessControl": {
        "type": "Transitive",
        "resolved": "4.7.0",
        "contentHash": "JECvTt5aFF3WT3gHpfofL2MNNP6v84sxtXxpqhLBCcDRzqsPBmHhQ6shv4DwwN2tRlzsUxtb3G9M3763rbXKDg==",
        "dependencies": {
          "Microsoft.NETCore.Platforms": "3.1.0",
          "System.Security.Principal.Windows": "4.7.0"
        }
      },
      "System.Security.Principal.Windows": {
        "type": "Transitive",
        "resolved": "4.7.0",
        "contentHash": "ojD0PX0XhneCsUbAZVKdb7h/70vyYMDYs85lwEI+LngEONe/17A0cFaRFqZU+sOEidcVswYWikYOQ9PPfjlbtQ=="
      }
    }
  }
}